
Microsoft Visual Studio Solution File, Format Version 12.00
# Visual Studio Version 16
VisualStudioVersion = 16.0.30611.23
MinimumVisualStudioVersion = 10.0.40219.1
Project("{9A19103F-16F7-4668-BE54-9A1E7A4F7556}") = "Rationality", "Backend6\Rationality.csproj", "{36FB4E7B-151B-485B-A9E4-F1A4C3D8F315}"
EndProject
Global
	GlobalSection(SolutionConfigurationPlatforms) = preSolution
		Debug|Any CPU = Debug|Any CPU
		Release|Any CPU = Release|Any CPU
	EndGlobalSection
	GlobalSection(ProjectConfigurationPlatforms) = postSolution
		{36FB4E7B-151B-485B-A9E4-F1A4C3D8F315}.Debug|Any CPU.ActiveCfg = Debug|Any CPU
		{36FB4E7B-151B-485B-A9E4-F1A4C3D8F315}.Debug|Any CPU.Build.0 = Debug|Any CPU
		{36FB4E7B-151B-485B-A9E4-F1A4C3D8F315}.Release|Any CPU.ActiveCfg = Release|Any CPU
		{36FB4E7B-151B-485B-A9E4-F1A4C3D8F315}.Release|Any CPU.Build.0 = Release|Any CPU
	EndGlobalSection
	GlobalSection(SolutionProperties) = preSolution
		HideSolutionNode = FALSE
	EndGlobalSection
	GlobalSection(ExtensibilityGlobals) = postSolution
		SolutionGuid = {2C115507-76F6-4317-9317-FFA79AFE87EE}
	EndGlobalSection
EndGlobal
